
Microsoft Visual Studio Solution File, Format Version 12.00
# Visual Studio Version 17
VisualStudioVersion = 17.0.31903.59
MinimumVisualStudioVersion = 10.0.40219.1
Project("{2150E333-8FDC-42A3-9474-1A3956D46DE8}") = "Unity", "Unity", "{914C77C9-212A-4DD0-8D9A-074620E77FAA}"
EndProject
Project("{2150E333-8FDC-42A3-9474-1A3956D46DE8}") = "DotNet", "DotNet", "{46008B91-6EC0-448B-8D1A-D8C6D2EEBEF4}"
EndProject
Project("{FAE04EC0-301F-11D3-BF4B-00C04F79EFBC}") = "ET.Core", "ET.Core.csproj", "{91EC7251-54BF-7860-D21C-2D6CBE94D53F}"
EndProject
Project("{FAE04EC0-301F-11D3-BF4B-00C04F79EFBC}") = "ET.Core.Editor", "ET.Core.Editor.csproj", "{E413174E-0D98-7DA7-FAA6-5F4ABE793A1A}"
EndProject
Project("{FAE04EC0-301F-11D3-BF4B-00C04F79EFBC}") = "ET.YooAssets", "ET.YooAssets.csproj", "{301BACB9-0B3D-29BF-E75C-C81E58493AEE}"
EndProject
Project("{FAE04EC0-301F-11D3-BF4B-00C04F79EFBC}") = "ET.Loader", "ET.Loader.csproj", "{26A4FE0E-5959-881A-CC3B-C74C3BF936BA}"
EndProject
Project("{FAE04EC0-301F-11D3-BF4B-00C04F79EFBC}") = "ET.Loader.Editor", "ET.Loader.Editor.csproj", "{AD5B261C-6DCF-162C-3481-16828FF39EB0}"
EndProject
Project("{FAE04EC0-301F-11D3-BF4B-00C04F79EFBC}") = "ET.Model", "ET.Model.csproj", "{8F0E6EFA-95F1-F35F-89F8-A36BD898C61A}"
EndProject
Project("{FAE04EC0-301F-11D3-BF4B-00C04F79EFBC}") = "ET.Hotfix", "ET.Hotfix.csproj", "{A34F6A55-E69E-2201-AF92-2F9EF4CE9213}"
EndProject
Project("{FAE04EC0-301F-11D3-BF4B-00C04F79EFBC}") = "ET.HotfixView", "ET.HotfixView.csproj", "{726B10BA-50E7-37B5-97D5-C8B34271D963}"
EndProject
Project("{FAE04EC0-301F-11D3-BF4B-00C04F79EFBC}") = "ET.ModelView", "ET.ModelView.csproj", "{1588183A-EE8C-883F-FDB2-6E4319ED05BC}"
EndProject
Project("{FAE04EC0-301F-11D3-BF4B-00C04F79EFBC}") = "ET.UI", "ET.UI.csproj", "{BDA7E1A1-A19F-4FA0-B1E2-08049ECEDBA7}"
EndProject
Project("{FAE04EC0-301F-11D3-BF4B-00C04F79EFBC}") = "ET.ReferenceCollector", "ET.ReferenceCollector.csproj", "{87C7EC10-7EDA-2F84-73B7-906863CE314A}"
EndProject
Project("{FAE04EC0-301F-11D3-BF4B-00C04F79EFBC}") = "ET.ReferenceCollector.Editor", "ET.ReferenceCollector.Editor.csproj", "{6C98690B-F51F-00F1-1823-84D5A26343A2}"
EndProject
Project("{9A19103F-16F7-4668-BE54-9A1E7A4F7556}") = "ET.Proto2CS", "Packages\cn.etetet.proto\DotNet~\ET.Proto2CS.csproj", "{554D108A-1857-4E49-8FB4-C7A2AB7F205D}"
EndProject
Project("{9A19103F-16F7-4668-BE54-9A1E7A4F7556}") = "ET.ExcelExporter", "Packages\cn.etetet.excel\DotNet~\ET.ExcelExporter.csproj", "{E19DDA46-2CB1-416D-8A2F-0A9CE4BF2C7E}"
EndProject
Project("{9A19103F-16F7-4668-BE54-9A1E7A4F7556}") = "ET.Core", "Packages\cn.etetet.core\DotNet~\ET.Core\ET.Core.csproj", "{EA6B85C1-8DBA-4C03-93E6-E899CCF0986C}"
EndProject
Project("{9A19103F-16F7-4668-BE54-9A1E7A4F7556}") = "ET.SourceGenerator", "Packages\cn.etetet.sourcegenerator\DotNet~\ET.SourceGenerator\ET.SourceGenerator.csproj", "{B8994466-96D7-4777-BE10-85EC5919EA98}"
EndProject
Project("{9A19103F-16F7-4668-BE54-9A1E7A4F7556}") = "ET.Loader", "Packages\cn.etetet.loader\DotNet~\Loader\ET.Loader.csproj", "{B69D87B8-C61F-4DCE-883B-3C5D6C179ADF}"
EndProject
Project("{FAE04EC0-301F-11D3-BF4B-00C04F79EFBC}") = "ET.Init.Editor", "ET.Init.Editor.csproj", "{9F83863B-EB70-33C1-99E1-1685A06052FC}"
EndProject
Project("{9A19103F-16F7-4668-BE54-9A1E7A4F7556}") = "ET.TrueSync", "Packages\cn.etetet.truesync\DotNet~\ET.TrueSync.csproj", "{EB51F916-0FE3-4F1D-96AD-941F6E1BB7D0}"
EndProject
Project("{9A19103F-16F7-4668-BE54-9A1E7A4F7556}") = "ET.Model", "Packages\cn.etetet.lockstep\DotNet~\Model\ET.Model.csproj", "{AD7A5F85-1667-4489-9831-88A75AC84D8F}"
EndProject
Project("{9A19103F-16F7-4668-BE54-9A1E7A4F7556}") = "ET.Hotfix", "Packages\cn.etetet.lockstep\DotNet~\Hotfix\ET.Hotfix.csproj", "{6545D71D-A4A0-4B46-9197-7BE8160BCB3C}"
EndProject
Project("{FAE04EC0-301F-11D3-BF4B-00C04F79EFBC}") = "ET.TrueSync", "ET.TrueSync.csproj", "{80547231-0F94-D184-4C85-D67CAA5AE659}"
EndProject
Project("{9A19103F-16F7-4668-BE54-9A1E7A4F7556}") = "ET.App", "Packages\cn.etetet.lockstep\DotNet~\App\ET.App.csproj", "{0377B64A-14CF-493E-8DD8-21979FF2561A}"
EndProject
Project("{FAE04EC0-301F-11D3-BF4B-00C04F79EFBC}") = "ET.LSEntity", "ET.LSEntity.csproj", "{981A4CC9-AFD5-A904-8001-0DEC6794047C}"
EndProject
Project("{9A19103F-16F7-4668-BE54-9A1E7A4F7556}") = "ET.LSEntity", "Packages\cn.etetet.lsentity\DotNet~\ET.LSEntity.csproj", "{086AC750-533E-44C0-B211-C9004FC021D4}"
EndProject
Project("{FAE04EC0-301F-11D3-BF4B-00C04F79EFBC}") = "ET.SourceGeneratorAttribute", "ET.SourceGeneratorAttribute.csproj", "{B1E11391-9FD3-748C-2936-5F63FBC06F2E}"
EndProject
Project("{9A19103F-16F7-4668-BE54-9A1E7A4F7556}") = "ET.SourceGeneratorAttribute", "Packages\cn.etetet.sourcegenerator\DotNet~\ET.SourceGeneratorAttribute\ET.SourceGeneratorAttribute.csproj", "{7D132C78-FDC4-4A4B-8B48-B3949F274E68}"
EndProject
Project("{FAE04EC0-301F-11D3-BF4B-00C04F79EFBC}") = "ET.Excel.Editor", "ET.Excel.Editor.csproj", "{9E551D0C-EC5C-ACD8-709B-6810A2E570E0}"
EndProject
Project("{FAE04EC0-301F-11D3-BF4B-00C04F79EFBC}") = "ET.Proto.Editor", "ET.Proto.Editor.csproj", "{E9640CAC-0632-6315-5315-CDC16F500C1B}"
EndProject
Project("{FAE04EC0-301F-11D3-BF4B-00C04F79EFBC}") = "ET.LockStep.Editor", "ET.LockStep.Editor.csproj", "{6BD239F2-95A7-E2E0-1F46-62C45E8C8B61}"
EndProject
Project("{FAE04EC0-301F-11D3-BF4B-00C04F79EFBC}") = "ET.MemoryPack", "ET.MemoryPack.csproj", "{8BE2550A-703C-44CA-C571-9AE4F0565318}"
EndProject
Project("{FAE04EC0-301F-11D3-BF4B-00C04F79EFBC}") = "ET.HybridCLR", "ET.HybridCLR.csproj", "{5C5F49CE-F7FF-AE74-BF02-D11DFC1D6C09}"
EndProject
Project("{FAE04EC0-301F-11D3-BF4B-00C04F79EFBC}") = "ET.HybridCLR.Editor", "ET.HybridCLR.Editor.csproj", "{8752A1B9-1394-11E3-E16D-C528D7121E41}"
EndProject
Project("{FAE04EC0-301F-11D3-BF4B-00C04F79EFBC}") = "ET.YooAssets.Editor", "ET.YooAssets.Editor.csproj", "{4AA330C3-D2BC-695A-632A-3EEE464DA941}"
EndProject
Global
	GlobalSection(SolutionConfigurationPlatforms) = preSolution
		Debug|Any CPU = Debug|Any CPU
		Debug|x64 = Debug|x64
		Debug|x86 = Debug|x86
		Release|Any CPU = Release|Any CPU
		Release|x64 = Release|x64
		Release|x86 = Release|x86
	EndGlobalSection
	GlobalSection(ProjectConfigurationPlatforms) = postSolution
		{91EC7251-54BF-7860-D21C-2D6CBE94D53F}.Debug|Any CPU.ActiveCfg = Debug|Any CPU
		{91EC7251-54BF-7860-D21C-2D6CBE94D53F}.Debug|Any CPU.Build.0 = Debug|Any CPU
		{91EC7251-54BF-7860-D21C-2D6CBE94D53F}.Debug|x64.ActiveCfg = Debug|Any CPU
		{91EC7251-54BF-7860-D21C-2D6CBE94D53F}.Debug|x64.Build.0 = Debug|Any CPU
		{91EC7251-54BF-7860-D21C-2D6CBE94D53F}.Debug|x86.ActiveCfg = Debug|Any CPU
		{91EC7251-54BF-7860-D21C-2D6CBE94D53F}.Debug|x86.Build.0 = Debug|Any CPU
		{91EC7251-54BF-7860-D21C-2D6CBE94D53F}.Release|Any CPU.ActiveCfg = Debug|Any CPU
		{91EC7251-54BF-7860-D21C-2D6CBE94D53F}.Release|Any CPU.Build.0 = Debug|Any CPU
		{91EC7251-54BF-7860-D21C-2D6CBE94D53F}.Release|x64.ActiveCfg = Debug|Any CPU
		{91EC7251-54BF-7860-D21C-2D6CBE94D53F}.Release|x64.Build.0 = Debug|Any CPU
		{91EC7251-54BF-7860-D21C-2D6CBE94D53F}.Release|x86.ActiveCfg = Debug|Any CPU
		{91EC7251-54BF-7860-D21C-2D6CBE94D53F}.Release|x86.Build.0 = Debug|Any CPU
		{E413174E-0D98-7DA7-FAA6-5F4ABE793A1A}.Debug|Any CPU.ActiveCfg = Debug|Any CPU
		{E413174E-0D98-7DA7-FAA6-5F4ABE793A1A}.Debug|Any CPU.Build.0 = Debug|Any CPU
		{E413174E-0D98-7DA7-FAA6-5F4ABE793A1A}.Debug|x64.ActiveCfg = Debug|Any CPU
		{E413174E-0D98-7DA7-FAA6-5F4ABE793A1A}.Debug|x64.Build.0 = Debug|Any CPU
		{E413174E-0D98-7DA7-FAA6-5F4ABE793A1A}.Debug|x86.ActiveCfg = Debug|Any CPU
		{E413174E-0D98-7DA7-FAA6-5F4ABE793A1A}.Debug|x86.Build.0 = Debug|Any CPU
		{E413174E-0D98-7DA7-FAA6-5F4ABE793A1A}.Release|Any CPU.ActiveCfg = Debug|Any CPU
		{E413174E-0D98-7DA7-FAA6-5F4ABE793A1A}.Release|Any CPU.Build.0 = Debug|Any CPU
		{E413174E-0D98-7DA7-FAA6-5F4ABE793A1A}.Release|x64.ActiveCfg = Debug|Any CPU
		{E413174E-0D98-7DA7-FAA6-5F4ABE793A1A}.Release|x64.Build.0 = Debug|Any CPU
		{E413174E-0D98-7DA7-FAA6-5F4ABE793A1A}.Release|x86.ActiveCfg = Debug|Any CPU
		{E413174E-0D98-7DA7-FAA6-5F4ABE793A1A}.Release|x86.Build.0 = Debug|Any CPU
		{301BACB9-0B3D-29BF-E75C-C81E58493AEE}.Debug|Any CPU.ActiveCfg = Debug|Any CPU
		{301BACB9-0B3D-29BF-E75C-C81E58493AEE}.Debug|Any CPU.Build.0 = Debug|Any CPU
		{301BACB9-0B3D-29BF-E75C-C81E58493AEE}.Debug|x64.ActiveCfg = Debug|Any CPU
		{301BACB9-0B3D-29BF-E75C-C81E58493AEE}.Debug|x64.Build.0 = Debug|Any CPU
		{301BACB9-0B3D-29BF-E75C-C81E58493AEE}.Debug|x86.ActiveCfg = Debug|Any CPU
		{301BACB9-0B3D-29BF-E75C-C81E58493AEE}.Debug|x86.Build.0 = Debug|Any CPU
		{301BACB9-0B3D-29BF-E75C-C81E58493AEE}.Release|Any CPU.ActiveCfg = Debug|Any CPU
		{301BACB9-0B3D-29BF-E75C-C81E58493AEE}.Release|Any CPU.Build.0 = Debug|Any CPU
		{301BACB9-0B3D-29BF-E75C-C81E58493AEE}.Release|x64.ActiveCfg = Debug|Any CPU
		{301BACB9-0B3D-29BF-E75C-C81E58493AEE}.Release|x64.Build.0 = Debug|Any CPU
		{301BACB9-0B3D-29BF-E75C-C81E58493AEE}.Release|x86.ActiveCfg = Debug|Any CPU
		{301BACB9-0B3D-29BF-E75C-C81E58493AEE}.Release|x86.Build.0 = Debug|Any CPU
		{26A4FE0E-5959-881A-CC3B-C74C3BF936BA}.Debug|Any CPU.ActiveCfg = Debug|Any CPU
		{26A4FE0E-5959-881A-CC3B-C74C3BF936BA}.Debug|Any CPU.Build.0 = Debug|Any CPU
		{26A4FE0E-5959-881A-CC3B-C74C3BF936BA}.Debug|x64.ActiveCfg = Debug|Any CPU
		{26A4FE0E-5959-881A-CC3B-C74C3BF936BA}.Debug|x64.Build.0 = Debug|Any CPU
		{26A4FE0E-5959-881A-CC3B-C74C3BF936BA}.Debug|x86.ActiveCfg = Debug|Any CPU
		{26A4FE0E-5959-881A-CC3B-C74C3BF936BA}.Debug|x86.Build.0 = Debug|Any CPU
		{26A4FE0E-5959-881A-CC3B-C74C3BF936BA}.Release|Any CPU.ActiveCfg = Debug|Any CPU
		{26A4FE0E-5959-881A-CC3B-C74C3BF936BA}.Release|Any CPU.Build.0 = Debug|Any CPU
		{26A4FE0E-5959-881A-CC3B-C74C3BF936BA}.Release|x64.ActiveCfg = Debug|Any CPU
		{26A4FE0E-5959-881A-CC3B-C74C3BF936BA}.Release|x64.Build.0 = Debug|Any CPU
		{26A4FE0E-5959-881A-CC3B-C74C3BF936BA}.Release|x86.ActiveCfg = Debug|Any CPU
		{26A4FE0E-5959-881A-CC3B-C74C3BF936BA}.Release|x86.Build.0 = Debug|Any CPU
		{AD5B261C-6DCF-162C-3481-16828FF39EB0}.Debug|Any CPU.ActiveCfg = Debug|Any CPU
		{AD5B261C-6DCF-162C-3481-16828FF39EB0}.Debug|Any CPU.Build.0 = Debug|Any CPU
		{AD5B261C-6DCF-162C-3481-16828FF39EB0}.Debug|x64.ActiveCfg = Debug|Any CPU
		{AD5B261C-6DCF-162C-3481-16828FF39EB0}.Debug|x64.Build.0 = Debug|Any CPU
		{AD5B261C-6DCF-162C-3481-16828FF39EB0}.Debug|x86.ActiveCfg = Debug|Any CPU
		{AD5B261C-6DCF-162C-3481-16828FF39EB0}.Debug|x86.Build.0 = Debug|Any CPU
		{AD5B261C-6DCF-162C-3481-16828FF39EB0}.Release|Any CPU.ActiveCfg = Debug|Any CPU
		{AD5B261C-6DCF-162C-3481-16828FF39EB0}.Release|Any CPU.Build.0 = Debug|Any CPU
		{AD5B261C-6DCF-162C-3481-16828FF39EB0}.Release|x64.ActiveCfg = Debug|Any CPU
		{AD5B261C-6DCF-162C-3481-16828FF39EB0}.Release|x64.Build.0 = Debug|Any CPU
		{AD5B261C-6DCF-162C-3481-16828FF39EB0}.Release|x86.ActiveCfg = Debug|Any CPU
		{AD5B261C-6DCF-162C-3481-16828FF39EB0}.Release|x86.Build.0 = Debug|Any CPU
		{8F0E6EFA-95F1-F35F-89F8-A36BD898C61A}.Debug|Any CPU.ActiveCfg = Debug|Any CPU
		{8F0E6EFA-95F1-F35F-89F8-A36BD898C61A}.Debug|Any CPU.Build.0 = Debug|Any CPU
		{8F0E6EFA-95F1-F35F-89F8-A36BD898C61A}.Debug|x64.ActiveCfg = Debug|Any CPU
		{8F0E6EFA-95F1-F35F-89F8-A36BD898C61A}.Debug|x64.Build.0 = Debug|Any CPU
		{8F0E6EFA-95F1-F35F-89F8-A36BD898C61A}.Debug|x86.ActiveCfg = Debug|Any CPU
		{8F0E6EFA-95F1-F35F-89F8-A36BD898C61A}.Debug|x86.Build.0 = Debug|Any CPU
		{8F0E6EFA-95F1-F35F-89F8-A36BD898C61A}.Release|Any CPU.ActiveCfg = Debug|Any CPU
		{8F0E6EFA-95F1-F35F-89F8-A36BD898C61A}.Release|Any CPU.Build.0 = Debug|Any CPU
		{8F0E6EFA-95F1-F35F-89F8-A36BD898C61A}.Release|x64.ActiveCfg = Debug|Any CPU
		{8F0E6EFA-95F1-F35F-89F8-A36BD898C61A}.Release|x64.Build.0 = Debug|Any CPU
		{8F0E6EFA-95F1-F35F-89F8-A36BD898C61A}.Release|x86.ActiveCfg = Debug|Any CPU
		{8F0E6EFA-95F1-F35F-89F8-A36BD898C61A}.Release|x86.Build.0 = Debug|Any CPU
		{A34F6A55-E69E-2201-AF92-2F9EF4CE9213}.Debug|Any CPU.ActiveCfg = Debug|Any CPU
		{A34F6A55-E69E-2201-AF92-2F9EF4CE9213}.Debug|Any CPU.Build.0 = Debug|Any CPU
		{A34F6A55-E69E-2201-AF92-2F9EF4CE9213}.Debug|x64.ActiveCfg = Debug|Any CPU
		{A34F6A55-E69E-2201-AF92-2F9EF4CE9213}.Debug|x64.Build.0 = Debug|Any CPU
		{A34F6A55-E69E-2201-AF92-2F9EF4CE9213}.Debug|x86.ActiveCfg = Debug|Any CPU
		{A34F6A55-E69E-2201-AF92-2F9EF4CE9213}.Debug|x86.Build.0 = Debug|Any CPU
		{A34F6A55-E69E-2201-AF92-2F9EF4CE9213}.Release|Any CPU.ActiveCfg = Debug|Any CPU
		{A34F6A55-E69E-2201-AF92-2F9EF4CE9213}.Release|Any CPU.Build.0 = Debug|Any CPU
		{A34F6A55-E69E-2201-AF92-2F9EF4CE9213}.Release|x64.ActiveCfg = Debug|Any CPU
		{A34F6A55-E69E-2201-AF92-2F9EF4CE9213}.Release|x64.Build.0 = Debug|Any CPU
		{A34F6A55-E69E-2201-AF92-2F9EF4CE9213}.Release|x86.ActiveCfg = Debug|Any CPU
		{A34F6A55-E69E-2201-AF92-2F9EF4CE9213}.Release|x86.Build.0 = Debug|Any CPU
		{726B10BA-50E7-37B5-97D5-C8B34271D963}.Debug|Any CPU.ActiveCfg = Debug|Any CPU
		{726B10BA-50E7-37B5-97D5-C8B34271D963}.Debug|Any CPU.Build.0 = Debug|Any CPU
		{726B10BA-50E7-37B5-97D5-C8B34271D963}.Debug|x64.ActiveCfg = Debug|Any CPU
		{726B10BA-50E7-37B5-97D5-C8B34271D963}.Debug|x64.Build.0 = Debug|Any CPU
		{726B10BA-50E7-37B5-97D5-C8B34271D963}.Debug|x86.ActiveCfg = Debug|Any CPU
		{726B10BA-50E7-37B5-97D5-C8B34271D963}.Debug|x86.Build.0 = Debug|Any CPU
		{726B10BA-50E7-37B5-97D5-C8B34271D963}.Release|Any CPU.ActiveCfg = Debug|Any CPU
		{726B10BA-50E7-37B5-97D5-C8B34271D963}.Release|Any CPU.Build.0 = Debug|Any CPU
		{726B10BA-50E7-37B5-97D5-C8B34271D963}.Release|x64.ActiveCfg = Debug|Any CPU
		{726B10BA-50E7-37B5-97D5-C8B34271D963}.Release|x64.Build.0 = Debug|Any CPU
		{726B10BA-50E7-37B5-97D5-C8B34271D963}.Release|x86.ActiveCfg = Debug|Any CPU
		{726B10BA-50E7-37B5-97D5-C8B34271D963}.Release|x86.Build.0 = Debug|Any CPU
		{1588183A-EE8C-883F-FDB2-6E4319ED05BC}.Debug|Any CPU.ActiveCfg = Debug|Any CPU
		{1588183A-EE8C-883F-FDB2-6E4319ED05BC}.Debug|Any CPU.Build.0 = Debug|Any CPU
		{1588183A-EE8C-883F-FDB2-6E4319ED05BC}.Debug|x64.ActiveCfg = Debug|Any CPU
		{1588183A-EE8C-883F-FDB2-6E4319ED05BC}.Debug|x64.Build.0 = Debug|Any CPU
		{1588183A-EE8C-883F-FDB2-6E4319ED05BC}.Debug|x86.ActiveCfg = Debug|Any CPU
		{1588183A-EE8C-883F-FDB2-6E4319ED05BC}.Debug|x86.Build.0 = Debug|Any CPU
		{1588183A-EE8C-883F-FDB2-6E4319ED05BC}.Release|Any CPU.ActiveCfg = Debug|Any CPU
		{1588183A-EE8C-883F-FDB2-6E4319ED05BC}.Release|Any CPU.Build.0 = Debug|Any CPU
		{1588183A-EE8C-883F-FDB2-6E4319ED05BC}.Release|x64.ActiveCfg = Debug|Any CPU
		{1588183A-EE8C-883F-FDB2-6E4319ED05BC}.Release|x64.Build.0 = Debug|Any CPU
		{1588183A-EE8C-883F-FDB2-6E4319ED05BC}.Release|x86.ActiveCfg = Debug|Any CPU
		{1588183A-EE8C-883F-FDB2-6E4319ED05BC}.Release|x86.Build.0 = Debug|Any CPU
		{BDA7E1A1-A19F-4FA0-B1E2-08049ECEDBA7}.Debug|Any CPU.ActiveCfg = Debug|Any CPU
		{BDA7E1A1-A19F-4FA0-B1E2-08049ECEDBA7}.Debug|Any CPU.Build.0 = Debug|Any CPU
		{BDA7E1A1-A19F-4FA0-B1E2-08049ECEDBA7}.Debug|x64.ActiveCfg = Debug|Any CPU
		{BDA7E1A1-A19F-4FA0-B1E2-08049ECEDBA7}.Debug|x64.Build.0 = Debug|Any CPU
		{BDA7E1A1-A19F-4FA0-B1E2-08049ECEDBA7}.Debug|x86.ActiveCfg = Debug|Any CPU
		{BDA7E1A1-A19F-4FA0-B1E2-08049ECEDBA7}.Debug|x86.Build.0 = Debug|Any CPU
		{BDA7E1A1-A19F-4FA0-B1E2-08049ECEDBA7}.Release|Any CPU.ActiveCfg = Debug|Any CPU
		{BDA7E1A1-A19F-4FA0-B1E2-08049ECEDBA7}.Release|Any CPU.Build.0 = Debug|Any CPU
		{BDA7E1A1-A19F-4FA0-B1E2-08049ECEDBA7}.Release|x64.ActiveCfg = Debug|Any CPU
		{BDA7E1A1-A19F-4FA0-B1E2-08049ECEDBA7}.Release|x64.Build.0 = Debug|Any CPU
		{BDA7E1A1-A19F-4FA0-B1E2-08049ECEDBA7}.Release|x86.ActiveCfg = Debug|Any CPU
		{BDA7E1A1-A19F-4FA0-B1E2-08049ECEDBA7}.Release|x86.Build.0 = Debug|Any CPU
		{87C7EC10-7EDA-2F84-73B7-906863CE314A}.Debug|Any CPU.ActiveCfg = Debug|Any CPU
		{87C7EC10-7EDA-2F84-73B7-906863CE314A}.Debug|Any CPU.Build.0 = Debug|Any CPU
		{87C7EC10-7EDA-2F84-73B7-906863CE314A}.Debug|x64.ActiveCfg = Debug|Any CPU
		{87C7EC10-7EDA-2F84-73B7-906863CE314A}.Debug|x64.Build.0 = Debug|Any CPU
		{87C7EC10-7EDA-2F84-73B7-906863CE314A}.Debug|x86.ActiveCfg = Debug|Any CPU
		{87C7EC10-7EDA-2F84-73B7-906863CE314A}.Debug|x86.Build.0 = Debug|Any CPU
		{87C7EC10-7EDA-2F84-73B7-906863CE314A}.Release|Any CPU.ActiveCfg = Debug|Any CPU
		{87C7EC10-7EDA-2F84-73B7-906863CE314A}.Release|Any CPU.Build.0 = Debug|Any CPU
		{87C7EC10-7EDA-2F84-73B7-906863CE314A}.Release|x64.ActiveCfg = Debug|Any CPU
		{87C7EC10-7EDA-2F84-73B7-906863CE314A}.Release|x64.Build.0 = Debug|Any CPU
		{87C7EC10-7EDA-2F84-73B7-906863CE314A}.Release|x86.ActiveCfg = Debug|Any CPU
		{87C7EC10-7EDA-2F84-73B7-906863CE314A}.Release|x86.Build.0 = Debug|Any CPU
		{6C98690B-F51F-00F1-1823-84D5A26343A2}.Debug|Any CPU.ActiveCfg = Debug|Any CPU
		{6C98690B-F51F-00F1-1823-84D5A26343A2}.Debug|Any CPU.Build.0 = Debug|Any CPU
		{6C98690B-F51F-00F1-1823-84D5A26343A2}.Debug|x64.ActiveCfg = Debug|Any CPU
		{6C98690B-F51F-00F1-1823-84D5A26343A2}.Debug|x64.Build.0 = Debug|Any CPU
		{6C98690B-F51F-00F1-1823-84D5A26343A2}.Debug|x86.ActiveCfg = Debug|Any CPU
		{6C98690B-F51F-00F1-1823-84D5A26343A2}.Debug|x86.Build.0 = Debug|Any CPU
		{6C98690B-F51F-00F1-1823-84D5A26343A2}.Release|Any CPU.ActiveCfg = Debug|Any CPU
		{6C98690B-F51F-00F1-1823-84D5A26343A2}.Release|Any CPU.Build.0 = Debug|Any CPU
		{6C98690B-F51F-00F1-1823-84D5A26343A2}.Release|x64.ActiveCfg = Debug|Any CPU
		{6C98690B-F51F-00F1-1823-84D5A26343A2}.Release|x64.Build.0 = Debug|Any CPU
		{6C98690B-F51F-00F1-1823-84D5A26343A2}.Release|x86.ActiveCfg = Debug|Any CPU
		{6C98690B-F51F-00F1-1823-84D5A26343A2}.Release|x86.Build.0 = Debug|Any CPU
		{554D108A-1857-4E49-8FB4-C7A2AB7F205D}.Debug|Any CPU.ActiveCfg = Debug|Any CPU
		{554D108A-1857-4E49-8FB4-C7A2AB7F205D}.Debug|Any CPU.Build.0 = Debug|Any CPU
		{554D108A-1857-4E49-8FB4-C7A2AB7F205D}.Debug|x64.ActiveCfg = Debug|Any CPU
		{554D108A-1857-4E49-8FB4-C7A2AB7F205D}.Debug|x64.Build.0 = Debug|Any CPU
		{554D108A-1857-4E49-8FB4-C7A2AB7F205D}.Debug|x86.ActiveCfg = Debug|Any CPU
		{554D108A-1857-4E49-8FB4-C7A2AB7F205D}.Debug|x86.Build.0 = Debug|Any CPU
		{554D108A-1857-4E49-8FB4-C7A2AB7F205D}.Release|Any CPU.ActiveCfg = Release|Any CPU
		{554D108A-1857-4E49-8FB4-C7A2AB7F205D}.Release|Any CPU.Build.0 = Release|Any CPU
		{554D108A-1857-4E49-8FB4-C7A2AB7F205D}.Release|x64.ActiveCfg = Release|Any CPU
		{554D108A-1857-4E49-8FB4-C7A2AB7F205D}.Release|x64.Build.0 = Release|Any CPU
		{554D108A-1857-4E49-8FB4-C7A2AB7F205D}.Release|x86.ActiveCfg = Release|Any CPU
		{554D108A-1857-4E49-8FB4-C7A2AB7F205D}.Release|x86.Build.0 = Release|Any CPU
		{E19DDA46-2CB1-416D-8A2F-0A9CE4BF2C7E}.Debug|Any CPU.ActiveCfg = Debug|Any CPU
		{E19DDA46-2CB1-416D-8A2F-0A9CE4BF2C7E}.Debug|Any CPU.Build.0 = Debug|Any CPU
		{E19DDA46-2CB1-416D-8A2F-0A9CE4BF2C7E}.Debug|x64.ActiveCfg = Debug|Any CPU
		{E19DDA46-2CB1-416D-8A2F-0A9CE4BF2C7E}.Debug|x64.Build.0 = Debug|Any CPU
		{E19DDA46-2CB1-416D-8A2F-0A9CE4BF2C7E}.Debug|x86.ActiveCfg = Debug|Any CPU
		{E19DDA46-2CB1-416D-8A2F-0A9CE4BF2C7E}.Debug|x86.Build.0 = Debug|Any CPU
		{E19DDA46-2CB1-416D-8A2F-0A9CE4BF2C7E}.Release|Any CPU.ActiveCfg = Release|Any CPU
		{E19DDA46-2CB1-416D-8A2F-0A9CE4BF2C7E}.Release|Any CPU.Build.0 = Release|Any CPU
		{E19DDA46-2CB1-416D-8A2F-0A9CE4BF2C7E}.Release|x64.ActiveCfg = Release|Any CPU
		{E19DDA46-2CB1-416D-8A2F-0A9CE4BF2C7E}.Release|x64.Build.0 = Release|Any CPU
		{E19DDA46-2CB1-416D-8A2F-0A9CE4BF2C7E}.Release|x86.ActiveCfg = Release|Any CPU
		{E19DDA46-2CB1-416D-8A2F-0A9CE4BF2C7E}.Release|x86.Build.0 = Release|Any CPU
		{EA6B85C1-8DBA-4C03-93E6-E899CCF0986C}.Debug|Any CPU.ActiveCfg = Debug|Any CPU
		{EA6B85C1-8DBA-4C03-93E6-E899CCF0986C}.Debug|Any CPU.Build.0 = Debug|Any CPU
		{EA6B85C1-8DBA-4C03-93E6-E899CCF0986C}.Debug|x64.ActiveCfg = Debug|Any CPU
		{EA6B85C1-8DBA-4C03-93E6-E899CCF0986C}.Debug|x64.Build.0 = Debug|Any CPU
		{EA6B85C1-8DBA-4C03-93E6-E899CCF0986C}.Debug|x86.ActiveCfg = Debug|Any CPU
		{EA6B85C1-8DBA-4C03-93E6-E899CCF0986C}.Debug|x86.Build.0 = Debug|Any CPU
		{EA6B85C1-8DBA-4C03-93E6-E899CCF0986C}.Release|Any CPU.ActiveCfg = Release|Any CPU
		{EA6B85C1-8DBA-4C03-93E6-E899CCF0986C}.Release|Any CPU.Build.0 = Release|Any CPU
		{EA6B85C1-8DBA-4C03-93E6-E899CCF0986C}.Release|x64.ActiveCfg = Release|Any CPU
		{EA6B85C1-8DBA-4C03-93E6-E899CCF0986C}.Release|x64.Build.0 = Release|Any CPU
		{EA6B85C1-8DBA-4C03-93E6-E899CCF0986C}.Release|x86.ActiveCfg = Release|Any CPU
		{EA6B85C1-8DBA-4C03-93E6-E899CCF0986C}.Release|x86.Build.0 = Release|Any CPU
		{B8994466-96D7-4777-BE10-85EC5919EA98}.Debug|Any CPU.ActiveCfg = Debug|Any CPU
		{B8994466-96D7-4777-BE10-85EC5919EA98}.Debug|Any CPU.Build.0 = Debug|Any CPU
		{B8994466-96D7-4777-BE10-85EC5919EA98}.Debug|x64.ActiveCfg = Debug|Any CPU
		{B8994466-96D7-4777-BE10-85EC5919EA98}.Debug|x64.Build.0 = Debug|Any CPU
		{B8994466-96D7-4777-BE10-85EC5919EA98}.Debug|x86.ActiveCfg = Debug|Any CPU
		{B8994466-96D7-4777-BE10-85EC5919EA98}.Debug|x86.Build.0 = Debug|Any CPU
		{B8994466-96D7-4777-BE10-85EC5919EA98}.Release|Any CPU.ActiveCfg = Release|Any CPU
		{B8994466-96D7-4777-BE10-85EC5919EA98}.Release|Any CPU.Build.0 = Release|Any CPU
		{B8994466-96D7-4777-BE10-85EC5919EA98}.Release|x64.ActiveCfg = Release|Any CPU
		{B8994466-96D7-4777-BE10-85EC5919EA98}.Release|x64.Build.0 = Release|Any CPU
		{B8994466-96D7-4777-BE10-85EC5919EA98}.Release|x86.ActiveCfg = Release|Any CPU
		{B8994466-96D7-4777-BE10-85EC5919EA98}.Release|x86.Build.0 = Release|Any CPU
		{B69D87B8-C61F-4DCE-883B-3C5D6C179ADF}.Debug|Any CPU.ActiveCfg = Debug|Any CPU
		{B69D87B8-C61F-4DCE-883B-3C5D6C179ADF}.Debug|Any CPU.Build.0 = Debug|Any CPU
		{B69D87B8-C61F-4DCE-883B-3C5D6C179ADF}.Debug|x64.ActiveCfg = Debug|Any CPU
		{B69D87B8-C61F-4DCE-883B-3C5D6C179ADF}.Debug|x64.Build.0 = Debug|Any CPU
		{B69D87B8-C61F-4DCE-883B-3C5D6C179ADF}.Debug|x86.ActiveCfg = Debug|Any CPU
		{B69D87B8-C61F-4DCE-883B-3C5D6C179ADF}.Debug|x86.Build.0 = Debug|Any CPU
		{B69D87B8-C61F-4DCE-883B-3C5D6C179ADF}.Release|Any CPU.ActiveCfg = Release|Any CPU
		{B69D87B8-C61F-4DCE-883B-3C5D6C179ADF}.Release|Any CPU.Build.0 = Release|Any CPU
		{B69D87B8-C61F-4DCE-883B-3C5D6C179ADF}.Release|x64.ActiveCfg = Release|Any CPU
		{B69D87B8-C61F-4DCE-883B-3C5D6C179ADF}.Release|x64.Build.0 = Release|Any CPU
		{B69D87B8-C61F-4DCE-883B-3C5D6C179ADF}.Release|x86.ActiveCfg = Release|Any CPU
		{B69D87B8-C61F-4DCE-883B-3C5D6C179ADF}.Release|x86.Build.0 = Release|Any CPU
		{9F83863B-EB70-33C1-99E1-1685A06052FC}.Debug|Any CPU.ActiveCfg = Debug|Any CPU
		{9F83863B-EB70-33C1-99E1-1685A06052FC}.Debug|Any CPU.Build.0 = Debug|Any CPU
		{9F83863B-EB70-33C1-99E1-1685A06052FC}.Debug|x64.ActiveCfg = Debug|Any CPU
		{9F83863B-EB70-33C1-99E1-1685A06052FC}.Debug|x64.Build.0 = Debug|Any CPU
		{9F83863B-EB70-33C1-99E1-1685A06052FC}.Debug|x86.ActiveCfg = Debug|Any CPU
		{9F83863B-EB70-33C1-99E1-1685A06052FC}.Debug|x86.Build.0 = Debug|Any CPU
		{9F83863B-EB70-33C1-99E1-1685A06052FC}.Release|Any CPU.ActiveCfg = Debug|Any CPU
		{9F83863B-EB70-33C1-99E1-1685A06052FC}.Release|Any CPU.Build.0 = Debug|Any CPU
		{9F83863B-EB70-33C1-99E1-1685A06052FC}.Release|x64.ActiveCfg = Debug|Any CPU
		{9F83863B-EB70-33C1-99E1-1685A06052FC}.Release|x64.Build.0 = Debug|Any CPU
		{9F83863B-EB70-33C1-99E1-1685A06052FC}.Release|x86.ActiveCfg = Debug|Any CPU
		{9F83863B-EB70-33C1-99E1-1685A06052FC}.Release|x86.Build.0 = Debug|Any CPU
		{EB51F916-0FE3-4F1D-96AD-941F6E1BB7D0}.Debug|Any CPU.ActiveCfg = Debug|Any CPU
		{EB51F916-0FE3-4F1D-96AD-941F6E1BB7D0}.Debug|Any CPU.Build.0 = Debug|Any CPU
		{EB51F916-0FE3-4F1D-96AD-941F6E1BB7D0}.Debug|x64.ActiveCfg = Debug|Any CPU
		{EB51F916-0FE3-4F1D-96AD-941F6E1BB7D0}.Debug|x64.Build.0 = Debug|Any CPU
		{EB51F916-0FE3-4F1D-96AD-941F6E1BB7D0}.Debug|x86.ActiveCfg = Debug|Any CPU
		{EB51F916-0FE3-4F1D-96AD-941F6E1BB7D0}.Debug|x86.Build.0 = Debug|Any CPU
		{EB51F916-0FE3-4F1D-96AD-941F6E1BB7D0}.Release|Any CPU.ActiveCfg = Release|Any CPU
		{EB51F916-0FE3-4F1D-96AD-941F6E1BB7D0}.Release|Any CPU.Build.0 = Release|Any CPU
		{EB51F916-0FE3-4F1D-96AD-941F6E1BB7D0}.Release|x64.ActiveCfg = Release|Any CPU
		{EB51F916-0FE3-4F1D-96AD-941F6E1BB7D0}.Release|x64.Build.0 = Release|Any CPU
		{EB51F916-0FE3-4F1D-96AD-941F6E1BB7D0}.Release|x86.ActiveCfg = Release|Any CPU
		{EB51F916-0FE3-4F1D-96AD-941F6E1BB7D0}.Release|x86.Build.0 = Release|Any CPU
		{AD7A5F85-1667-4489-9831-88A75AC84D8F}.Debug|Any CPU.ActiveCfg = Debug|Any CPU
		{AD7A5F85-1667-4489-9831-88A75AC84D8F}.Debug|Any CPU.Build.0 = Debug|Any CPU
		{AD7A5F85-1667-4489-9831-88A75AC84D8F}.Debug|x64.ActiveCfg = Debug|Any CPU
		{AD7A5F85-1667-4489-9831-88A75AC84D8F}.Debug|x64.Build.0 = Debug|Any CPU
		{AD7A5F85-1667-4489-9831-88A75AC84D8F}.Debug|x86.ActiveCfg = Debug|Any CPU
		{AD7A5F85-1667-4489-9831-88A75AC84D8F}.Debug|x86.Build.0 = Debug|Any CPU
		{AD7A5F85-1667-4489-9831-88A75AC84D8F}.Release|Any CPU.ActiveCfg = Release|Any CPU
		{AD7A5F85-1667-4489-9831-88A75AC84D8F}.Release|Any CPU.Build.0 = Release|Any CPU
		{AD7A5F85-1667-4489-9831-88A75AC84D8F}.Release|x64.ActiveCfg = Release|Any CPU
		{AD7A5F85-1667-4489-9831-88A75AC84D8F}.Release|x64.Build.0 = Release|Any CPU
		{AD7A5F85-1667-4489-9831-88A75AC84D8F}.Release|x86.ActiveCfg = Release|Any CPU
		{AD7A5F85-1667-4489-9831-88A75AC84D8F}.Release|x86.Build.0 = Release|Any CPU
		{6545D71D-A4A0-4B46-9197-7BE8160BCB3C}.Debug|Any CPU.ActiveCfg = Debug|Any CPU
		{6545D71D-A4A0-4B46-9197-7BE8160BCB3C}.Debug|Any CPU.Build.0 = Debug|Any CPU
		{6545D71D-A4A0-4B46-9197-7BE8160BCB3C}.Debug|x64.ActiveCfg = Debug|Any CPU
		{6545D71D-A4A0-4B46-9197-7BE8160BCB3C}.Debug|x64.Build.0 = Debug|Any CPU
		{6545D71D-A4A0-4B46-9197-7BE8160BCB3C}.Debug|x86.ActiveCfg = Debug|Any CPU
		{6545D71D-A4A0-4B46-9197-7BE8160BCB3C}.Debug|x86.Build.0 = Debug|Any CPU
		{6545D71D-A4A0-4B46-9197-7BE8160BCB3C}.Release|Any CPU.ActiveCfg = Release|Any CPU
		{6545D71D-A4A0-4B46-9197-7BE8160BCB3C}.Release|Any CPU.Build.0 = Release|Any CPU
		{6545D71D-A4A0-4B46-9197-7BE8160BCB3C}.Release|x64.ActiveCfg = Release|Any CPU
		{6545D71D-A4A0-4B46-9197-7BE8160BCB3C}.Release|x64.Build.0 = Release|Any CPU
		{6545D71D-A4A0-4B46-9197-7BE8160BCB3C}.Release|x86.ActiveCfg = Release|Any CPU
		{6545D71D-A4A0-4B46-9197-7BE8160BCB3C}.Release|x86.Build.0 = Release|Any CPU
		{80547231-0F94-D184-4C85-D67CAA5AE659}.Debug|Any CPU.ActiveCfg = Debug|Any CPU
		{80547231-0F94-D184-4C85-D67CAA5AE659}.Debug|Any CPU.Build.0 = Debug|Any CPU
		{80547231-0F94-D184-4C85-D67CAA5AE659}.Debug|x64.ActiveCfg = Debug|Any CPU
		{80547231-0F94-D184-4C85-D67CAA5AE659}.Debug|x64.Build.0 = Debug|Any CPU
		{80547231-0F94-D184-4C85-D67CAA5AE659}.Debug|x86.ActiveCfg = Debug|Any CPU
		{80547231-0F94-D184-4C85-D67CAA5AE659}.Debug|x86.Build.0 = Debug|Any CPU
		{80547231-0F94-D184-4C85-D67CAA5AE659}.Release|Any CPU.ActiveCfg = Debug|Any CPU
		{80547231-0F94-D184-4C85-D67CAA5AE659}.Release|Any CPU.Build.0 = Debug|Any CPU
		{80547231-0F94-D184-4C85-D67CAA5AE659}.Release|x64.ActiveCfg = Debug|Any CPU
		{80547231-0F94-D184-4C85-D67CAA5AE659}.Release|x64.Build.0 = Debug|Any CPU
		{80547231-0F94-D184-4C85-D67CAA5AE659}.Release|x86.ActiveCfg = Debug|Any CPU
		{80547231-0F94-D184-4C85-D67CAA5AE659}.Release|x86.Build.0 = Debug|Any CPU
		{0377B64A-14CF-493E-8DD8-21979FF2561A}.Debug|Any CPU.ActiveCfg = Debug|Any CPU
		{0377B64A-14CF-493E-8DD8-21979FF2561A}.Debug|Any CPU.Build.0 = Debug|Any CPU
		{0377B64A-14CF-493E-8DD8-21979FF2561A}.Debug|x64.ActiveCfg = Debug|Any CPU
		{0377B64A-14CF-493E-8DD8-21979FF2561A}.Debug|x64.Build.0 = Debug|Any CPU
		{0377B64A-14CF-493E-8DD8-21979FF2561A}.Debug|x86.ActiveCfg = Debug|Any CPU
		{0377B64A-14CF-493E-8DD8-21979FF2561A}.Debug|x86.Build.0 = Debug|Any CPU
		{0377B64A-14CF-493E-8DD8-21979FF2561A}.Release|Any CPU.ActiveCfg = Release|Any CPU
		{0377B64A-14CF-493E-8DD8-21979FF2561A}.Release|Any CPU.Build.0 = Release|Any CPU
		{0377B64A-14CF-493E-8DD8-21979FF2561A}.Release|x64.ActiveCfg = Release|Any CPU
		{0377B64A-14CF-493E-8DD8-21979FF2561A}.Release|x64.Build.0 = Release|Any CPU
		{0377B64A-14CF-493E-8DD8-21979FF2561A}.Release|x86.ActiveCfg = Release|Any CPU
		{0377B64A-14CF-493E-8DD8-21979FF2561A}.Release|x86.Build.0 = Release|Any CPU
		{981A4CC9-AFD5-A904-8001-0DEC6794047C}.Debug|Any CPU.ActiveCfg = Debug|Any CPU
		{981A4CC9-AFD5-A904-8001-0DEC6794047C}.Debug|Any CPU.Build.0 = Debug|Any CPU
		{981A4CC9-AFD5-A904-8001-0DEC6794047C}.Debug|x64.ActiveCfg = Debug|Any CPU
		{981A4CC9-AFD5-A904-8001-0DEC6794047C}.Debug|x64.Build.0 = Debug|Any CPU
		{981A4CC9-AFD5-A904-8001-0DEC6794047C}.Debug|x86.ActiveCfg = Debug|Any CPU
		{981A4CC9-AFD5-A904-8001-0DEC6794047C}.Debug|x86.Build.0 = Debug|Any CPU
		{981A4CC9-AFD5-A904-8001-0DEC6794047C}.Release|Any CPU.ActiveCfg = Debug|Any CPU
		{981A4CC9-AFD5-A904-8001-0DEC6794047C}.Release|Any CPU.Build.0 = Debug|Any CPU
		{981A4CC9-AFD5-A904-8001-0DEC6794047C}.Release|x64.ActiveCfg = Debug|Any CPU
		{981A4CC9-AFD5-A904-8001-0DEC6794047C}.Release|x64.Build.0 = Debug|Any CPU
		{981A4CC9-AFD5-A904-8001-0DEC6794047C}.Release|x86.ActiveCfg = Debug|Any CPU
		{981A4CC9-AFD5-A904-8001-0DEC6794047C}.Release|x86.Build.0 = Debug|Any CPU
		{086AC750-533E-44C0-B211-C9004FC021D4}.Debug|Any CPU.ActiveCfg = Debug|Any CPU
		{086AC750-533E-44C0-B211-C9004FC021D4}.Debug|Any CPU.Build.0 = Debug|Any CPU
		{086AC750-533E-44C0-B211-C9004FC021D4}.Debug|x64.ActiveCfg = Debug|Any CPU
		{086AC750-533E-44C0-B211-C9004FC021D4}.Debug|x64.Build.0 = Debug|Any CPU
		{086AC750-533E-44C0-B211-C9004FC021D4}.Debug|x86.ActiveCfg = Debug|Any CPU
		{086AC750-533E-44C0-B211-C9004FC021D4}.Debug|x86.Build.0 = Debug|Any CPU
		{086AC750-533E-44C0-B211-C9004FC021D4}.Release|Any CPU.ActiveCfg = Release|Any CPU
		{086AC750-533E-44C0-B211-C9004FC021D4}.Release|Any CPU.Build.0 = Release|Any CPU
		{086AC750-533E-44C0-B211-C9004FC021D4}.Release|x64.ActiveCfg = Release|Any CPU
		{086AC750-533E-44C0-B211-C9004FC021D4}.Release|x64.Build.0 = Release|Any CPU
		{086AC750-533E-44C0-B211-C9004FC021D4}.Release|x86.ActiveCfg = Release|Any CPU
		{086AC750-533E-44C0-B211-C9004FC021D4}.Release|x86.Build.0 = Release|Any CPU
		{B1E11391-9FD3-748C-2936-5F63FBC06F2E}.Debug|Any CPU.ActiveCfg = Debug|Any CPU
		{B1E11391-9FD3-748C-2936-5F63FBC06F2E}.Debug|Any CPU.Build.0 = Debug|Any CPU
		{B1E11391-9FD3-748C-2936-5F63FBC06F2E}.Debug|x64.ActiveCfg = Debug|Any CPU
		{B1E11391-9FD3-748C-2936-5F63FBC06F2E}.Debug|x64.Build.0 = Debug|Any CPU
		{B1E11391-9FD3-748C-2936-5F63FBC06F2E}.Debug|x86.ActiveCfg = Debug|Any CPU
		{B1E11391-9FD3-748C-2936-5F63FBC06F2E}.Debug|x86.Build.0 = Debug|Any CPU
		{B1E11391-9FD3-748C-2936-5F63FBC06F2E}.Release|Any CPU.ActiveCfg = Debug|Any CPU
		{B1E11391-9FD3-748C-2936-5F63FBC06F2E}.Release|Any CPU.Build.0 = Debug|Any CPU
		{B1E11391-9FD3-748C-2936-5F63FBC06F2E}.Release|x64.ActiveCfg = Debug|Any CPU
		{B1E11391-9FD3-748C-2936-5F63FBC06F2E}.Release|x64.Build.0 = Debug|Any CPU
		{B1E11391-9FD3-748C-2936-5F63FBC06F2E}.Release|x86.ActiveCfg = Debug|Any CPU
		{B1E11391-9FD3-748C-2936-5F63FBC06F2E}.Release|x86.Build.0 = Debug|Any CPU
		{7D132C78-FDC4-4A4B-8B48-B3949F274E68}.Debug|Any CPU.ActiveCfg = Debug|Any CPU
		{7D132C78-FDC4-4A4B-8B48-B3949F274E68}.Debug|Any CPU.Build.0 = Debug|Any CPU
		{7D132C78-FDC4-4A4B-8B48-B3949F274E68}.Debug|x64.ActiveCfg = Debug|Any CPU
		{7D132C78-FDC4-4A4B-8B48-B3949F274E68}.Debug|x64.Build.0 = Debug|Any CPU
		{7D132C78-FDC4-4A4B-8B48-B3949F274E68}.Debug|x86.ActiveCfg = Debug|Any CPU
		{7D132C78-FDC4-4A4B-8B48-B3949F274E68}.Debug|x86.Build.0 = Debug|Any CPU
		{7D132C78-FDC4-4A4B-8B48-B3949F274E68}.Release|Any CPU.ActiveCfg = Release|Any CPU
		{7D132C78-FDC4-4A4B-8B48-B3949F274E68}.Release|Any CPU.Build.0 = Release|Any CPU
		{7D132C78-FDC4-4A4B-8B48-B3949F274E68}.Release|x64.ActiveCfg = Release|Any CPU
		{7D132C78-FDC4-4A4B-8B48-B3949F274E68}.Release|x64.Build.0 = Release|Any CPU
		{7D132C78-FDC4-4A4B-8B48-B3949F274E68}.Release|x86.ActiveCfg = Release|Any CPU
		{7D132C78-FDC4-4A4B-8B48-B3949F274E68}.Release|x86.Build.0 = Release|Any CPU
		{9E551D0C-EC5C-ACD8-709B-6810A2E570E0}.Debug|Any CPU.ActiveCfg = Debug|Any CPU
		{9E551D0C-EC5C-ACD8-709B-6810A2E570E0}.Debug|Any CPU.Build.0 = Debug|Any CPU
		{9E551D0C-EC5C-ACD8-709B-6810A2E570E0}.Debug|x64.ActiveCfg = Debug|Any CPU
		{9E551D0C-EC5C-ACD8-709B-6810A2E570E0}.Debug|x64.Build.0 = Debug|Any CPU
		{9E551D0C-EC5C-ACD8-709B-6810A2E570E0}.Debug|x86.ActiveCfg = Debug|Any CPU
		{9E551D0C-EC5C-ACD8-709B-6810A2E570E0}.Debug|x86.Build.0 = Debug|Any CPU
		{9E551D0C-EC5C-ACD8-709B-6810A2E570E0}.Release|Any CPU.ActiveCfg = Debug|Any CPU
		{9E551D0C-EC5C-ACD8-709B-6810A2E570E0}.Release|Any CPU.Build.0 = Debug|Any CPU
		{9E551D0C-EC5C-ACD8-709B-6810A2E570E0}.Release|x64.ActiveCfg = Debug|Any CPU
		{9E551D0C-EC5C-ACD8-709B-6810A2E570E0}.Release|x64.Build.0 = Debug|Any CPU
		{9E551D0C-EC5C-ACD8-709B-6810A2E570E0}.Release|x86.ActiveCfg = Debug|Any CPU
		{9E551D0C-EC5C-ACD8-709B-6810A2E570E0}.Release|x86.Build.0 = Debug|Any CPU
		{E9640CAC-0632-6315-5315-CDC16F500C1B}.Debug|Any CPU.ActiveCfg = Debug|Any CPU
		{E9640CAC-0632-6315-5315-CDC16F500C1B}.Debug|Any CPU.Build.0 = Debug|Any CPU
		{E9640CAC-0632-6315-5315-CDC16F500C1B}.Debug|x64.ActiveCfg = Debug|Any CPU
		{E9640CAC-0632-6315-5315-CDC16F500C1B}.Debug|x64.Build.0 = Debug|Any CPU
		{E9640CAC-0632-6315-5315-CDC16F500C1B}.Debug|x86.ActiveCfg = Debug|Any CPU
		{E9640CAC-0632-6315-5315-CDC16F500C1B}.Debug|x86.Build.0 = Debug|Any CPU
		{E9640CAC-0632-6315-5315-CDC16F500C1B}.Release|Any CPU.ActiveCfg = Debug|Any CPU
		{E9640CAC-0632-6315-5315-CDC16F500C1B}.Release|Any CPU.Build.0 = Debug|Any CPU
		{E9640CAC-0632-6315-5315-CDC16F500C1B}.Release|x64.ActiveCfg = Debug|Any CPU
		{E9640CAC-0632-6315-5315-CDC16F500C1B}.Release|x64.Build.0 = Debug|Any CPU
		{E9640CAC-0632-6315-5315-CDC16F500C1B}.Release|x86.ActiveCfg = Debug|Any CPU
		{E9640CAC-0632-6315-5315-CDC16F500C1B}.Release|x86.Build.0 = Debug|Any CPU
		{6BD239F2-95A7-E2E0-1F46-62C45E8C8B61}.Debug|Any CPU.ActiveCfg = Debug|Any CPU
		{6BD239F2-95A7-E2E0-1F46-62C45E8C8B61}.Debug|Any CPU.Build.0 = Debug|Any CPU
		{6BD239F2-95A7-E2E0-1F46-62C45E8C8B61}.Debug|x64.ActiveCfg = Debug|Any CPU
		{6BD239F2-95A7-E2E0-1F46-62C45E8C8B61}.Debug|x64.Build.0 = Debug|Any CPU
		{6BD239F2-95A7-E2E0-1F46-62C45E8C8B61}.Debug|x86.ActiveCfg = Debug|Any CPU
		{6BD239F2-95A7-E2E0-1F46-62C45E8C8B61}.Debug|x86.Build.0 = Debug|Any CPU
		{6BD239F2-95A7-E2E0-1F46-62C45E8C8B61}.Release|Any CPU.ActiveCfg = Debug|Any CPU
		{6BD239F2-95A7-E2E0-1F46-62C45E8C8B61}.Release|Any CPU.Build.0 = Debug|Any CPU
		{6BD239F2-95A7-E2E0-1F46-62C45E8C8B61}.Release|x64.ActiveCfg = Debug|Any CPU
		{6BD239F2-95A7-E2E0-1F46-62C45E8C8B61}.Release|x64.Build.0 = Debug|Any CPU
		{6BD239F2-95A7-E2E0-1F46-62C45E8C8B61}.Release|x86.ActiveCfg = Debug|Any CPU
		{6BD239F2-95A7-E2E0-1F46-62C45E8C8B61}.Release|x86.Build.0 = Debug|Any CPU
		{8BE2550A-703C-44CA-C571-9AE4F0565318}.Debug|Any CPU.ActiveCfg = Debug|Any CPU
		{8BE2550A-703C-44CA-C571-9AE4F0565318}.Debug|Any CPU.Build.0 = Debug|Any CPU
		{8BE2550A-703C-44CA-C571-9AE4F0565318}.Debug|x64.ActiveCfg = Debug|Any CPU
		{8BE2550A-703C-44CA-C571-9AE4F0565318}.Debug|x64.Build.0 = Debug|Any CPU
		{8BE2550A-703C-44CA-C571-9AE4F0565318}.Debug|x86.ActiveCfg = Debug|Any CPU
		{8BE2550A-703C-44CA-C571-9AE4F0565318}.Debug|x86.Build.0 = Debug|Any CPU
		{8BE2550A-703C-44CA-C571-9AE4F0565318}.Release|Any CPU.ActiveCfg = Debug|Any CPU
		{8BE2550A-703C-44CA-C571-9AE4F0565318}.Release|Any CPU.Build.0 = Debug|Any CPU
		{8BE2550A-703C-44CA-C571-9AE4F0565318}.Release|x64.ActiveCfg = Debug|Any CPU
		{8BE2550A-703C-44CA-C571-9AE4F0565318}.Release|x64.Build.0 = Debug|Any CPU
		{8BE2550A-703C-44CA-C571-9AE4F0565318}.Release|x86.ActiveCfg = Debug|Any CPU
		{8BE2550A-703C-44CA-C571-9AE4F0565318}.Release|x86.Build.0 = Debug|Any CPU
		{5C5F49CE-F7FF-AE74-BF02-D11DFC1D6C09}.Debug|Any CPU.ActiveCfg = Debug|Any CPU
		{5C5F49CE-F7FF-AE74-BF02-D11DFC1D6C09}.Debug|Any CPU.Build.0 = Debug|Any CPU
		{5C5F49CE-F7FF-AE74-BF02-D11DFC1D6C09}.Debug|x64.ActiveCfg = Debug|Any CPU
		{5C5F49CE-F7FF-AE74-BF02-D11DFC1D6C09}.Debug|x64.Build.0 = Debug|Any CPU
		{5C5F49CE-F7FF-AE74-BF02-D11DFC1D6C09}.Debug|x86.ActiveCfg = Debug|Any CPU
		{5C5F49CE-F7FF-AE74-BF02-D11DFC1D6C09}.Debug|x86.Build.0 = Debug|Any CPU
		{5C5F49CE-F7FF-AE74-BF02-D11DFC1D6C09}.Release|Any CPU.ActiveCfg = Debug|Any CPU
		{5C5F49CE-F7FF-AE74-BF02-D11DFC1D6C09}.Release|Any CPU.Build.0 = Debug|Any CPU
		{5C5F49CE-F7FF-AE74-BF02-D11DFC1D6C09}.Release|x64.ActiveCfg = Debug|Any CPU
		{5C5F49CE-F7FF-AE74-BF02-D11DFC1D6C09}.Release|x64.Build.0 = Debug|Any CPU
		{5C5F49CE-F7FF-AE74-BF02-D11DFC1D6C09}.Release|x86.ActiveCfg = Debug|Any CPU
		{5C5F49CE-F7FF-AE74-BF02-D11DFC1D6C09}.Release|x86.Build.0 = Debug|Any CPU
		{8752A1B9-1394-11E3-E16D-C528D7121E41}.Debug|Any CPU.ActiveCfg = Debug|Any CPU
		{8752A1B9-1394-11E3-E16D-C528D7121E41}.Debug|Any CPU.Build.0 = Debug|Any CPU
		{8752A1B9-1394-11E3-E16D-C528D7121E41}.Debug|x64.ActiveCfg = Debug|Any CPU
		{8752A1B9-1394-11E3-E16D-C528D7121E41}.Debug|x64.Build.0 = Debug|Any CPU
		{8752A1B9-1394-11E3-E16D-C528D7121E41}.Debug|x86.ActiveCfg = Debug|Any CPU
		{8752A1B9-1394-11E3-E16D-C528D7121E41}.Debug|x86.Build.0 = Debug|Any CPU
		{8752A1B9-1394-11E3-E16D-C528D7121E41}.Release|Any CPU.ActiveCfg = Debug|Any CPU
		{8752A1B9-1394-11E3-E16D-C528D7121E41}.Release|Any CPU.Build.0 = Debug|Any CPU
		{8752A1B9-1394-11E3-E16D-C528D7121E41}.Release|x64.ActiveCfg = Debug|Any CPU
		{8752A1B9-1394-11E3-E16D-C528D7121E41}.Release|x64.Build.0 = Debug|Any CPU
		{8752A1B9-1394-11E3-E16D-C528D7121E41}.Release|x86.ActiveCfg = Debug|Any CPU
		{8752A1B9-1394-11E3-E16D-C528D7121E41}.Release|x86.Build.0 = Debug|Any CPU
		{4AA330C3-D2BC-695A-632A-3EEE464DA941}.Debug|Any CPU.ActiveCfg = Debug|Any CPU
		{4AA330C3-D2BC-695A-632A-3EEE464DA941}.Debug|Any CPU.Build.0 = Debug|Any CPU
		{4AA330C3-D2BC-695A-632A-3EEE464DA941}.Debug|x64.ActiveCfg = Debug|Any CPU
		{4AA330C3-D2BC-695A-632A-3EEE464DA941}.Debug|x64.Build.0 = Debug|Any CPU
		{4AA330C3-D2BC-695A-632A-3EEE464DA941}.Debug|x86.ActiveCfg = Debug|Any CPU
		{4AA330C3-D2BC-695A-632A-3EEE464DA941}.Debug|x86.Build.0 = Debug|Any CPU
		{4AA330C3-D2BC-695A-632A-3EEE464DA941}.Release|Any CPU.ActiveCfg = Debug|Any CPU
		{4AA330C3-D2BC-695A-632A-3EEE464DA941}.Release|Any CPU.Build.0 = Debug|Any CPU
		{4AA330C3-D2BC-695A-632A-3EEE464DA941}.Release|x64.ActiveCfg = Debug|Any CPU
		{4AA330C3-D2BC-695A-632A-3EEE464DA941}.Release|x64.Build.0 = Debug|Any CPU
		{4AA330C3-D2BC-695A-632A-3EEE464DA941}.Release|x86.ActiveCfg = Debug|Any CPU
		{4AA330C3-D2BC-695A-632A-3EEE464DA941}.Release|x86.Build.0 = Debug|Any CPU
	EndGlobalSection
	GlobalSection(SolutionProperties) = preSolution
		HideSolutionNode = FALSE
	EndGlobalSection
	GlobalSection(NestedProjects) = preSolution
		{91EC7251-54BF-7860-D21C-2D6CBE94D53F} = {914C77C9-212A-4DD0-8D9A-074620E77FAA}
		{E413174E-0D98-7DA7-FAA6-5F4ABE793A1A} = {914C77C9-212A-4DD0-8D9A-074620E77FAA}
		{301BACB9-0B3D-29BF-E75C-C81E58493AEE} = {914C77C9-212A-4DD0-8D9A-074620E77FAA}
		{26A4FE0E-5959-881A-CC3B-C74C3BF936BA} = {914C77C9-212A-4DD0-8D9A-074620E77FAA}
		{AD5B261C-6DCF-162C-3481-16828FF39EB0} = {914C77C9-212A-4DD0-8D9A-074620E77FAA}
		{8F0E6EFA-95F1-F35F-89F8-A36BD898C61A} = {914C77C9-212A-4DD0-8D9A-074620E77FAA}
		{A34F6A55-E69E-2201-AF92-2F9EF4CE9213} = {914C77C9-212A-4DD0-8D9A-074620E77FAA}
		{726B10BA-50E7-37B5-97D5-C8B34271D963} = {914C77C9-212A-4DD0-8D9A-074620E77FAA}
		{1588183A-EE8C-883F-FDB2-6E4319ED05BC} = {914C77C9-212A-4DD0-8D9A-074620E77FAA}
		{BDA7E1A1-A19F-4FA0-B1E2-08049ECEDBA7} = {914C77C9-212A-4DD0-8D9A-074620E77FAA}
		{87C7EC10-7EDA-2F84-73B7-906863CE314A} = {914C77C9-212A-4DD0-8D9A-074620E77FAA}
		{6C98690B-F51F-00F1-1823-84D5A26343A2} = {914C77C9-212A-4DD0-8D9A-074620E77FAA}
		{554D108A-1857-4E49-8FB4-C7A2AB7F205D} = {46008B91-6EC0-448B-8D1A-D8C6D2EEBEF4}
		{E19DDA46-2CB1-416D-8A2F-0A9CE4BF2C7E} = {46008B91-6EC0-448B-8D1A-D8C6D2EEBEF4}
		{EA6B85C1-8DBA-4C03-93E6-E899CCF0986C} = {46008B91-6EC0-448B-8D1A-D8C6D2EEBEF4}
		{B8994466-96D7-4777-BE10-85EC5919EA98} = {46008B91-6EC0-448B-8D1A-D8C6D2EEBEF4}
		{B69D87B8-C61F-4DCE-883B-3C5D6C179ADF} = {46008B91-6EC0-448B-8D1A-D8C6D2EEBEF4}
		{9F83863B-EB70-33C1-99E1-1685A06052FC} = {914C77C9-212A-4DD0-8D9A-074620E77FAA}
		{EB51F916-0FE3-4F1D-96AD-941F6E1BB7D0} = {46008B91-6EC0-448B-8D1A-D8C6D2EEBEF4}
		{AD7A5F85-1667-4489-9831-88A75AC84D8F} = {46008B91-6EC0-448B-8D1A-D8C6D2EEBEF4}
		{6545D71D-A4A0-4B46-9197-7BE8160BCB3C} = {46008B91-6EC0-448B-8D1A-D8C6D2EEBEF4}
		{80547231-0F94-D184-4C85-D67CAA5AE659} = {914C77C9-212A-4DD0-8D9A-074620E77FAA}
		{0377B64A-14CF-493E-8DD8-21979FF2561A} = {46008B91-6EC0-448B-8D1A-D8C6D2EEBEF4}
		{981A4CC9-AFD5-A904-8001-0DEC6794047C} = {914C77C9-212A-4DD0-8D9A-074620E77FAA}
		{086AC750-533E-44C0-B211-C9004FC021D4} = {46008B91-6EC0-448B-8D1A-D8C6D2EEBEF4}
		{B1E11391-9FD3-748C-2936-5F63FBC06F2E} = {914C77C9-212A-4DD0-8D9A-074620E77FAA}
		{7D132C78-FDC4-4A4B-8B48-B3949F274E68} = {46008B91-6EC0-448B-8D1A-D8C6D2EEBEF4}
		{9E551D0C-EC5C-ACD8-709B-6810A2E570E0} = {914C77C9-212A-4DD0-8D9A-074620E77FAA}
		{E9640CAC-0632-6315-5315-CDC16F500C1B} = {914C77C9-212A-4DD0-8D9A-074620E77FAA}
		{6BD239F2-95A7-E2E0-1F46-62C45E8C8B61} = {914C77C9-212A-4DD0-8D9A-074620E77FAA}
		{8BE2550A-703C-44CA-C571-9AE4F0565318} = {914C77C9-212A-4DD0-8D9A-074620E77FAA}
		{5C5F49CE-F7FF-AE74-BF02-D11DFC1D6C09} = {914C77C9-212A-4DD0-8D9A-074620E77FAA}
		{8752A1B9-1394-11E3-E16D-C528D7121E41} = {914C77C9-212A-4DD0-8D9A-074620E77FAA}
		{4AA330C3-D2BC-695A-632A-3EEE464DA941} = {914C77C9-212A-4DD0-8D9A-074620E77FAA}
	EndGlobalSection
	GlobalSection(ExtensibilityGlobals) = postSolution
		SolutionGuid = {EABC01E3-3EB5-47EF-B46E-AAD8BB3585F1}
	EndGlobalSection
EndGlobal
